# This file is generated by running "yarn install" inside your project.
# Manual changes might be lost - proceed with caution!

__metadata:
  version: 8
  cacheKey: 10c0

"@astrojs/compiler@npm:^2.9.1":
  version: 2.10.3
  resolution: "@astrojs/compiler@npm:2.10.3"
  checksum: 10c0/35e7a6e9d197924a3203afd3bd7bff39c8d4271516816c30173cca872302312c3748eefc5a5832523f49b98743115628a1b96922d7d96588a8d96e110a106b88
  languageName: node
  linkType: hard

"@biomejs/biome@npm:1.9.4":
  version: 1.9.4
  resolution: "@biomejs/biome@npm:1.9.4"
  dependencies:
    "@biomejs/cli-darwin-arm64": "npm:1.9.4"
    "@biomejs/cli-darwin-x64": "npm:1.9.4"
    "@biomejs/cli-linux-arm64": "npm:1.9.4"
    "@biomejs/cli-linux-arm64-musl": "npm:1.9.4"
    "@biomejs/cli-linux-x64": "npm:1.9.4"
    "@biomejs/cli-linux-x64-musl": "npm:1.9.4"
    "@biomejs/cli-win32-arm64": "npm:1.9.4"
    "@biomejs/cli-win32-x64": "npm:1.9.4"
  dependenciesMeta:
    "@biomejs/cli-darwin-arm64":
      optional: true
    "@biomejs/cli-darwin-x64":
      optional: true
    "@biomejs/cli-linux-arm64":
      optional: true
    "@biomejs/cli-linux-arm64-musl":
      optional: true
    "@biomejs/cli-linux-x64":
      optional: true
    "@biomejs/cli-linux-x64-musl":
      optional: true
    "@biomejs/cli-win32-arm64":
      optional: true
    "@biomejs/cli-win32-x64":
      optional: true
  bin:
    biome: bin/biome
  checksum: 10c0/b5655c5aed9a6fffe24f7d04f15ba4444389d0e891c9ed9106fab7388ac9b4be63185852cc2a937b22940dac3e550b71032a4afd306925cfea436c33e5646b3e
  languageName: node
  linkType: hard

"@biomejs/cli-darwin-arm64@npm:1.9.4":
  version: 1.9.4
  resolution: "@biomejs/cli-darwin-arm64@npm:1.9.4"
  conditions: os=darwin & cpu=arm64
  languageName: node
  linkType: hard

"@biomejs/cli-darwin-x64@npm:1.9.4":
  version: 1.9.4
  resolution: "@biomejs/cli-darwin-x64@npm:1.9.4"
  conditions: os=darwin & cpu=x64
  languageName: node
  linkType: hard

"@biomejs/cli-linux-arm64-musl@npm:1.9.4":
  version: 1.9.4
  resolution: "@biomejs/cli-linux-arm64-musl@npm:1.9.4"
  conditions: os=linux & cpu=arm64 & libc=musl
  languageName: node
  linkType: hard

"@biomejs/cli-linux-arm64@npm:1.9.4":
  version: 1.9.4
  resolution: "@biomejs/cli-linux-arm64@npm:1.9.4"
  conditions: os=linux & cpu=arm64 & libc=glibc
  languageName: node
  linkType: hard

"@biomejs/cli-linux-x64-musl@npm:1.9.4":
  version: 1.9.4
  resolution: "@biomejs/cli-linux-x64-musl@npm:1.9.4"
  conditions: os=linux & cpu=x64 & libc=musl
  languageName: node
  linkType: hard

"@biomejs/cli-linux-x64@npm:1.9.4":
  version: 1.9.4
  resolution: "@biomejs/cli-linux-x64@npm:1.9.4"
  conditions: os=linux & cpu=x64 & libc=glibc
  languageName: node
  linkType: hard

"@biomejs/cli-win32-arm64@npm:1.9.4":
  version: 1.9.4
  resolution: "@biomejs/cli-win32-arm64@npm:1.9.4"
  conditions: os=win32 & cpu=arm64
  languageName: node
  linkType: hard

"@biomejs/cli-win32-x64@npm:1.9.4":
  version: 1.9.4
  resolution: "@biomejs/cli-win32-x64@npm:1.9.4"
  conditions: os=win32 & cpu=x64
  languageName: node
  linkType: hard

"kengo's blog@workspace:.":
  version: 0.0.0-use.local
  resolution: "kengo's blog@workspace:."
  dependencies:
    "@biomejs/biome": "npm:1.9.4"
    prettier-plugin-astro: "npm:0.14.1"
  languageName: unknown
  linkType: soft

"prettier-plugin-astro@npm:0.14.1":
  version: 0.14.1
  resolution: "prettier-plugin-astro@npm:0.14.1"
  dependencies:
    "@astrojs/compiler": "npm:^2.9.1"
    prettier: "npm:^3.0.0"
    sass-formatter: "npm:^0.7.6"
  checksum: 10c0/f812607d422ff36df1bf58534a96590a861dedf41e70f8f36fa9546b91def65b17f4507e1c9212dab56cbbae2f4ab5ff6e7e31370b9198261360c6444daa297c
  languageName: node
  linkType: hard

"prettier@npm:^3.0.0":
  version: 3.3.3
  resolution: "prettier@npm:3.3.3"
  bin:
    prettier: bin/prettier.cjs
  checksum: 10c0/b85828b08e7505716324e4245549b9205c0cacb25342a030ba8885aba2039a115dbcf75a0b7ca3b37bc9d101ee61fab8113fc69ca3359f2a226f1ecc07ad2e26
  languageName: node
  linkType: hard

"s.color@npm:0.0.15":
  version: 0.0.15
  resolution: "s.color@npm:0.0.15"
  checksum: 10c0/50532b1307a65ac5e1076f5b556f5ce7e5c8ea3ff1c73810a226a0109efe84ff196e10017cd906c78a87d9600a26ca7016ac78896232aa05949a98bf2100adf1
  languageName: node
  linkType: hard

"sass-formatter@npm:^0.7.6":
  version: 0.7.9
  resolution: "sass-formatter@npm:0.7.9"
  dependencies:
    suf-log: "npm:^2.5.3"
  checksum: 10c0/172eb326121ace1a48e689a1419efab2d780623631d106ac306ac2a055e96813bda36044f20bc4cc28d761427efc136a08d07153d1b8a8ccf0a032dca5fdce3c
  languageName: node
  linkType: hard

"suf-log@npm:^2.5.3":
  version: 2.5.3
  resolution: "suf-log@npm:2.5.3"
  dependencies:
    s.color: "npm:0.0.15"
  checksum: 10c0/67edce59cce30964b2bec4f2e726c980c1e83d266adb186e3a92f8d267916cd2ae38f8e5aa14af9df675837708d93b212a7e3241505abec948d7fd3705781f0a
  languageName: node
  linkType: hard
